// !$*UTF8*$!
{
	archiveVersion = 1;
	classes = {
	};
	objectVersion = 56;
	objects = {

/* Begin PBXBuildFile section */
		B90D887C2B9B4FFE00E975DE /* watchOS-Practice Watch App.app in Embed Watch Content */ = {isa = PBXBuildFile; fileRef = B90D887B2B9B4FFE00E975DE /* watchOS-Practice Watch App.app */; settings = {ATTRIBUTES = (RemoveHeadersOnCopy, ); }; };
		B90D88812B9B4FFE00E975DE /* watchOS_PracticeApp.swift in Sources */ = {isa = PBXBuildFile; fileRef = B90D88802B9B4FFE00E975DE /* watchOS_PracticeApp.swift */; };
		B90D88832B9B4FFE00E975DE /* ContentView.swift in Sources */ = {isa = PBXBuildFile; fileRef = B90D88822B9B4FFE00E975DE /* ContentView.swift */; };
		B90D88852B9B4FFF00E975DE /* Assets.xcassets in Resources */ = {isa = PBXBuildFile; fileRef = B90D88842B9B4FFF00E975DE /* Assets.xcassets */; };
		B90D88882B9B4FFF00E975DE /* Preview Assets.xcassets in Resources */ = {isa = PBXBuildFile; fileRef = B90D88872B9B4FFF00E975DE /* Preview Assets.xcassets */; };
/* End PBXBuildFile section */

/* Begin PBXContainerItemProxy section */
		B90D887D2B9B4FFE00E975DE /* PBXContainerItemProxy */ = {
			isa = PBXContainerItemProxy;
			containerPortal = B90D886F2B9B4FFE00E975DE /* Project object */;
			proxyType = 1;
			remoteGlobalIDString = B90D887A2B9B4FFE00E975DE;
			remoteInfo = "watchOS-Practice Watch App";
		};
/* End PBXContainerItemProxy section */

/* Begin PBXCopyFilesBuildPhase section */
		B90D888E2B9B4FFF00E975DE /* Embed Watch Content */ = {
			isa = PBXCopyFilesBuildPhase;
			buildActionMask = 2147483647;
			dstPath = "$(CONTENTS_FOLDER_PATH)/Watch";
			dstSubfolderSpec = 16;
			files = (
				B90D887C2B9B4FFE00E975DE /* watchOS-Practice Watch App.app in Embed Watch Content */,
			);
			name = "Embed Watch Content";
			runOnlyForDeploymentPostprocessing = 0;
		};
/* End PBXCopyFilesBuildPhase section */

/* Begin PBXFileReference section */
		B90D88752B9B4FFE00E975DE /* watchOS-Practice.app */ = {isa = PBXFileReference; explicitFileType = wrapper.application; includeInIndex = 0; path = "watchOS-Practice.app"; sourceTree = BUILT_PRODUCTS_DIR; };
		B90D887B2B9B4FFE00E975DE /* watchOS-Practice Watch App.app */ = {isa = PBXFileReference; explicitFileType = wrapper.application; includeInIndex = 0; path = "watchOS-Practice Watch App.app"; sourceTree = BUILT_PRODUCTS_DIR; };
		B90D88802B9B4FFE00E975DE /* watchOS_PracticeApp.swift */ = {isa = PBXFileReference; lastKnownFileType = sourcecode.swift; path = watchOS_PracticeApp.swift; sourceTree = "<group>"; };
		B90D88822B9B4FFE00E975DE /* ContentView.swift */ = {isa = PBXFileReference; lastKnownFileType = sourcecode.swift; path = ContentView.swift; sourceTree = "<group>"; };
		B90D88842B9B4FFF00E975DE /* Assets.xcassets */ = {isa = PBXFileReference; lastKnownFileType = folder.assetcatalog; path = Assets.xcassets; sourceTree = "<group>"; };
		B90D88872B9B4FFF00E975DE /* Preview Assets.xcassets */ = {isa = PBXFileReference; lastKnownFileType = folder.assetcatalog; path = "Preview Assets.xcassets"; sourceTree = "<group>"; };
/* End PBXFileReference section */

/* Begin PBXFrameworksBuildPhase section */
		B90D88782B9B4FFE00E975DE /* Frameworks */ = {
			isa = PBXFrameworksBuildPhase;
			buildActionMask = 2147483647;
			files = (
			);
			runOnlyForDeploymentPostprocessing = 0;
		};
/* End PBXFrameworksBuildPhase section */

/* Begin PBXGroup section */
		B90D886E2B9B4FFE00E975DE = {
			isa = PBXGroup;
			children = (
				B90D887F2B9B4FFE00E975DE /* watchOS-Practice Watch App */,
				B90D88762B9B4FFE00E975DE /* Products */,
			);
			sourceTree = "<group>";
		};
		B90D88762B9B4FFE00E975DE /* Products */ = {
			isa = PBXGroup;
			children = (
				B90D88752B9B4FFE00E975DE /* watchOS-Practice.app */,
				B90D887B2B9B4FFE00E975DE /* watchOS-Practice Watch App.app */,
			);
			name = Products;
			sourceTree = "<group>";
		};
		B90D887F2B9B4FFE00E975DE /* watchOS-Practice Watch App */ = {
			isa = PBXGroup;
			children = (
				B90D88802B9B4FFE00E975DE /* watchOS_PracticeApp.swift */,
				B90D88822B9B4FFE00E975DE /* ContentView.swift */,
				B90D88842B9B4FFF00E975DE /* Assets.xcassets */,
				B90D88862B9B4FFF00E975DE /* Preview Content */,
			);
			path = "watchOS-Practice Watch App";
			sourceTree = "<group>";
		};
		B90D88862B9B4FFF00E975DE /* Preview Content */ = {
			isa = PBXGroup;
			children = (
				B90D88872B9B4FFF00E975DE /* Preview Assets.xcassets */,
			);
			path = "Preview Content";
			sourceTree = "<group>";
		};
/* End PBXGroup section */

/* Begin PBXNativeTarget section */
		B90D88742B9B4FFE00E975DE /* watchOS-Practice */ = {
			isa = PBXNativeTarget;
			buildConfigurationList = B90D888F2B9B4FFF00E975DE /* Build configuration list for PBXNativeTarget "watchOS-Practice" */;
			buildPhases = (
				B90D88732B9B4FFE00E975DE /* Resources */,
				B90D888E2B9B4FFF00E975DE /* Embed Watch Content */,
			);
			buildRules = (
			);
			dependencies = (
				B90D887E2B9B4FFE00E975DE /* PBXTargetDependency */,
			);
			name = "watchOS-Practice";
			productName = "watchOS-Practice";
			productReference = B90D88752B9B4FFE00E975DE /* watchOS-Practice.app */;
			productType = "com.apple.product-type.application.watchapp2-container";
		};
		B90D887A2B9B4FFE00E975DE /* watchOS-Practice Watch App */ = {
			isa = PBXNativeTarget;
			buildConfigurationList = B90D888B2B9B4FFF00E975DE /* Build configuration list for PBXNativeTarget "watchOS-Practice Watch App" */;
			buildPhases = (
				B90D88772B9B4FFE00E975DE /* Sources */,
				B90D88782B9B4FFE00E975DE /* Frameworks */,
				B90D88792B9B4FFE00E975DE /* Resources */,
			);
			buildRules = (
			);
			dependencies = (
			);
			name = "watchOS-Practice Watch App";
			productName = "watchOS-Practice Watch App";
			productReference = B90D887B2B9B4FFE00E975DE /* watchOS-Practice Watch App.app */;
			productType = "com.apple.product-type.application";
		};
/* End PBXNativeTarget section */

/* Begin PBXProject section */
		B90D886F2B9B4FFE00E975DE /* Project object */ = {
			isa = PBXProject;
			attributes = {
				BuildIndependentTargetsInParallel = 1;
				LastSwiftUpdateCheck = 1530;
				LastUpgradeCheck = 1530;
				TargetAttributes = {
					B90D88742B9B4FFE00E975DE = {
						CreatedOnToolsVersion = 15.3;
					};
					B90D887A2B9B4FFE00E975DE = {
						CreatedOnToolsVersion = 15.3;
					};
				};
			};
			buildConfigurationList = B90D88722B9B4FFE00E975DE /* Build configuration list for PBXProject "watchOS-Practice" */;
			compatibilityVersion = "Xcode 14.0";
			developmentRegion = en;
			hasScannedForEncodings = 0;
			knownRegions = (
				en,
				Base,
			);
			mainGroup = B90D886E2B9B4FFE00E975DE;
			productRefGroup = B90D88762B9B4FFE00E975DE /* Products */;
			projectDirPath = "";
			projectRoot = "";
			targets = (
				B90D88742B9B4FFE00E975DE /* watchOS-Practice */,
				B90D887A2B9B4FFE00E975DE /* watchOS-Practice Watch App */,
			);
		};
/* End PBXProject section */

/* Begin PBXResourcesBuildPhase section */
		B90D88732B9B4FFE00E975DE /* Resources */ = {
			isa = PBXResourcesBuildPhase;
			buildActionMask = 2147483647;
			files = (
			);
			runOnlyForDeploymentPostprocessing = 0;
		};
		B90D88792B9B4FFE00E975DE /* Resources */ = {
			isa = PBXResourcesBuildPhase;
			buildActionMask = 2147483647;
			files = (
				B90D88882B9B4FFF00E975DE /* Preview Assets.xcassets in Resources */,
				B90D88852B9B4FFF00E975DE /* Assets.xcassets in Resources */,
			);
			runOnlyForDeploymentPostprocessing = 0;
		};
/* End PBXResourcesBuildPhase section */

/* Begin PBXSourcesBuildPhase section */
		B90D88772B9B4FFE00E975DE /* Sources */ = {
			isa = PBXSourcesBuildPhase;
			buildActionMask = 2147483647;
			files = (
				B90D88832B9B4FFE00E975DE /* ContentView.swift in Sources */,
				B90D88812B9B4FFE00E975DE /* watchOS_PracticeApp.swift in Sources */,
			);
			runOnlyForDeploymentPostprocessing = 0;
		};
/* End PBXSourcesBuildPhase section */

/* Begin PBXTargetDependency section */
		B90D887E2B9B4FFE00E975DE /* PBXTargetDependency */ = {
			isa = PBXTargetDependency;
			target = B90D887A2B9B4FFE00E975DE /* watchOS-Practice Watch App */;
			targetProxy = B90D887D2B9B4FFE00E975DE /* PBXContainerItemProxy */;
		};
/* End PBXTargetDependency section */

/* Begin XCBuildConfiguration section */
		B90D88892B9B4FFF00E975DE /* Debug */ = {
			isa = XCBuildConfiguration;
			buildSettings = {
				ALWAYS_SEARCH_USER_PATHS = NO;
				ASSETCATALOG_COMPILER_GENERATE_SWIFT_ASSET_SYMBOL_EXTENSIONS = YES;
				CLANG_ANALYZER_NONNULL = YES;
				CLANG_ANALYZER_NUMBER_OBJECT_CONVERSION = YES_AGGRESSIVE;
				CLANG_CXX_LANGUAGE_STANDARD = "gnu++20";
				CLANG_ENABLE_MODULES = YES;
				CLANG_ENABLE_OBJC_ARC = YES;
				CLANG_ENABLE_OBJC_WEAK = YES;
				CLANG_WARN_BLOCK_CAPTURE_AUTORELEASING = YES;
				CLANG_WARN_BOOL_CONVERSION = YES;
				CLANG_WARN_COMMA = YES;
				CLANG_WARN_CONSTANT_CONVERSION = YES;
				CLANG_WARN_DEPRECATED_OBJC_IMPLEMENTATIONS = YES;
				CLANG_WARN_DIRECT_OBJC_ISA_USAGE = YES_ERROR;
				CLANG_WARN_DOCUMENTATION_COMMENTS = YES;
				CLANG_WARN_EMPTY_BODY = YES;
				CLANG_WARN_ENUM_CONVERSION = YES;
				CLANG_WARN_INFINITE_RECURSION = YES;
				CLANG_WARN_INT_CONVERSION = YES;
				CLANG_WARN_NON_LITERAL_NULL_CONVERSION = YES;
				CLANG_WARN_OBJC_IMPLICIT_RETAIN_SELF = YES;
				CLANG_WARN_OBJC_LITERAL_CONVERSION = YES;
				CLANG_WARN_OBJC_ROOT_CLASS = YES_ERROR;
				CLANG_WARN_QUOTED_INCLUDE_IN_FRAMEWORK_HEADER = YES;
				CLANG_WARN_RANGE_LOOP_ANALYSIS = YES;
				CLANG_WARN_STRICT_PROTOTYPES = YES;
				CLANG_WARN_SUSPICIOUS_MOVE = YES;
				CLANG_WARN_UNGUARDED_AVAILABILITY = YES_AGGRESSIVE;
				CLANG_WARN_UNREACHABLE_CODE = YES;
				CLANG_WARN__DUPLICATE_METHOD_MATCH = YES;
				COPY_PHASE_STRIP = NO;
				DEBUG_INFORMATION_FORMAT = dwarf;
				ENABLE_STRICT_OBJC_MSGSEND = YES;
				ENABLE_TESTABILITY = YES;
				ENABLE_USER_SCRIPT_SANDBOXING = YES;
				GCC_C_LANGUAGE_STANDARD = gnu17;
				GCC_DYNAMIC_NO_PIC = NO;
				GCC_NO_COMMON_BLOCKS = YES;
				GCC_OPTIMIZATION_LEVEL = 0;
				GCC_PREPROCESSOR_DEFINITIONS = (
					"DEBUG=1",
					"$(inherited)",
				);
				GCC_WARN_64_TO_32_BIT_CONVERSION = YES;
				GCC_WARN_ABOUT_RETURN_TYPE = YES_ERROR;
				GCC_WARN_UNDECLARED_SELECTOR = YES;
				GCC_WARN_UNINITIALIZED_AUTOS = YES_AGGRESSIVE;
				GCC_WARN_UNUSED_FUNCTION = YES;
				GCC_WARN_UNUSED_VARIABLE = YES;
				LOCALIZATION_PREFERS_STRING_CATALOGS = YES;
				MTL_ENABLE_DEBUG_INFO = INCLUDE_SOURCE;
				MTL_FAST_MATH = YES;
				ONLY_ACTIVE_ARCH = YES;
				SWIFT_ACTIVE_COMPILATION_CONDITIONS = "DEBUG $(inherited)";
				SWIFT_OPTIMIZATION_LEVEL = "-Onone";
			};
			name = Debug;
		};
		B90D888A2B9B4FFF00E975DE /* Release */ = {
			isa = XCBuildConfiguration;
			buildSettings = {
				ALWAYS_SEARCH_USER_PATHS = NO;
				ASSETCATALOG_COMPILER_GENERATE_SWIFT_ASSET_SYMBOL_EXTENSIONS = YES;
				CLANG_ANALYZER_NONNULL = YES;
				CLANG_ANALYZER_NUMBER_OBJECT_CONVERSION = YES_AGGRESSIVE;
				CLANG_CXX_LANGUAGE_STANDARD = "gnu++20";
				CLANG_ENABLE_MODULES = YES;
				CLANG_ENABLE_OBJC_ARC = YES;
				CLANG_ENABLE_OBJC_WEAK = YES;
				CLANG_WARN_BLOCK_CAPTURE_AUTORELEASING = YES;
				CLANG_WARN_BOOL_CONVERSION = YES;
				CLANG_WARN_COMMA = YES;
				CLANG_WARN_CONSTANT_CONVERSION = YES;
				CLANG_WARN_DEPRECATED_OBJC_IMPLEMENTATIONS = YES;
				CLANG_WARN_DIRECT_OBJC_ISA_USAGE = YES_ERROR;
				CLANG_WARN_DOCUMENTATION_COMMENTS = YES;
				CLANG_WARN_EMPTY_BODY = YES;
				CLANG_WARN_ENUM_CONVERSION = YES;
				CLANG_WARN_INFINITE_RECURSION = YES;
				CLANG_WARN_INT_CONVERSION = YES;
				CLANG_WARN_NON_LITERAL_NULL_CONVERSION = YES;
				CLANG_WARN_OBJC_IMPLICIT_RETAIN_SELF = YES;
				CLANG_WARN_OBJC_LITERAL_CONVERSION = YES;
				CLANG_WARN_OBJC_ROOT_CLASS = YES_ERROR;
				CLANG_WARN_QUOTED_INCLUDE_IN_FRAMEWORK_HEADER = YES;
				CLANG_WARN_RANGE_LOOP_ANALYSIS = YES;
				CLANG_WARN_STRICT_PROTOTYPES = YES;
				CLANG_WARN_SUSPICIOUS_MOVE = YES;
				CLANG_WARN_UNGUARDED_AVAILABILITY = YES_AGGRESSIVE;
				CLANG_WARN_UNREACHABLE_CODE = YES;
				CLANG_WARN__DUPLICATE_METHOD_MATCH = YES;
				COPY_PHASE_STRIP = NO;
				DEBUG_INFORMATION_FORMAT = "dwarf-with-dsym";
				ENABLE_NS_ASSERTIONS = NO;
				ENABLE_STRICT_OBJC_MSGSEND = YES;
				ENABLE_USER_SCRIPT_SANDBOXING = YES;
				GCC_C_LANGUAGE_STANDARD = gnu17;
				GCC_NO_COMMON_BLOCKS = YES;
				GCC_WARN_64_TO_32_BIT_CONVERSION = YES;
				GCC_WARN_ABOUT_RETURN_TYPE = YES_ERROR;
				GCC_WARN_UNDECLARED_SELECTOR = YES;
				GCC_WARN_UNINITIALIZED_AUTOS = YES_AGGRESSIVE;
				GCC_WARN_UNUSED_FUNCTION = YES;
				GCC_WARN_UNUSED_VARIABLE = YES;
				LOCALIZATION_PREFERS_STRING_CATALOGS = YES;
				MTL_ENABLE_DEBUG_INFO = NO;
				MTL_FAST_MATH = YES;
				SWIFT_COMPILATION_MODE = wholemodule;
			};
			name = Release;
		};
		B90D888C2B9B4FFF00E975DE /* Debug */ = {
			isa = XCBuildConfiguration;
			buildSettings = {
				ASSETCATALOG_COMPILER_APPICON_NAME = AppIcon;
				ASSETCATALOG_COMPILER_GLOBAL_ACCENT_COLOR_NAME = AccentColor;
				CODE_SIGN_STYLE = Automatic;
				CURRENT_PROJECT_VERSION = 1;
				DEVELOPMENT_ASSET_PATHS = "\"watchOS-Practice Watch App/Preview Content\"";
				DEVELOPMENT_TEAM = 9SVDHQS4M3;
				ENABLE_PREVIEWS = YES;
				GENERATE_INFOPLIST_FILE = YES;
				INFOPLIST_KEY_CFBundleDisplayName = "watchOS-Practice";
				INFOPLIST_KEY_UISupportedInterfaceOrientations = "UIInterfaceOrientationPortrait UIInterfaceOrientationPortraitUpsideDown";
				INFOPLIST_KEY_WKWatchOnly = YES;
				LD_RUNPATH_SEARCH_PATHS = (
					"$(inherited)",
					"@executable_path/Frameworks",
				);
				MARKETING_VERSION = 1.0;
				PRODUCT_BUNDLE_IDENTIFIER = "com.seoyeonchoi.watchOS-Practice.watchkitapp";
				PRODUCT_NAME = "$(TARGET_NAME)";
				SDKROOT = watchos;
				SKIP_INSTALL = YES;
				SWIFT_EMIT_LOC_STRINGS = YES;
				SWIFT_VERSION = 5.0;
				TARGETED_DEVICE_FAMILY = 4;
				WATCHOS_DEPLOYMENT_TARGET = 10.4;
			};
			name = Debug;
		};
		B90D888D2B9B4FFF00E975DE /* Release */ = {
			isa = XCBuildConfiguration;
			buildSettings = {
				ASSETCATALOG_COMPILER_APPICON_NAME = AppIcon;
				ASSETCATALOG_COMPILER_GLOBAL_ACCENT_COLOR_NAME = AccentColor;
				CODE_SIGN_STYLE = Automatic;
				CURRENT_PROJECT_VERSION = 1;
				DEVELOPMENT_ASSET_PATHS = "\"watchOS-Practice Watch App/Preview Content\"";
				DEVELOPMENT_TEAM = 9SVDHQS4M3;
				ENABLE_PREVIEWS = YES;
				GENERATE_INFOPLIST_FILE = YES;
				INFOPLIST_KEY_CFBundleDisplayName = "watchOS-Practice";
				INFOPLIST_KEY_UISupportedInterfaceOrientations = "UIInterfaceOrientationPortrait UIInterfaceOrientationPortraitUpsideDown";
				INFOPLIST_KEY_WKWatchOnly = YES;
				LD_RUNPATH_SEARCH_PATHS = (
					"$(inherited)",
					"@executable_path/Frameworks",
				);
				MARKETING_VERSION = 1.0;
				PRODUCT_BUNDLE_IDENTIFIER = "com.seoyeonchoi.watchOS-Practice.watchkitapp";
				PRODUCT_NAME = "$(TARGET_NAME)";
				SDKROOT = watchos;
				SKIP_INSTALL = YES;
				SWIFT_EMIT_LOC_STRINGS = YES;
				SWIFT_VERSION = 5.0;
				TARGETED_DEVICE_FAMILY = 4;
				VALIDATE_PRODUCT = YES;
				WATCHOS_DEPLOYMENT_TARGET = 10.4;
			};
			name = Release;
		};
		B90D88902B9B4FFF00E975DE /* Debug */ = {
			isa = XCBuildConfiguration;
			buildSettings = {
				ALWAYS_EMBED_SWIFT_STANDARD_LIBRARIES = YES;
				CODE_SIGN_STYLE = Automatic;
				CURRENT_PROJECT_VERSION = 1;
				DEVELOPMENT_TEAM = 9SVDHQS4M3;
				INFOPLIST_KEY_CFBundleDisplayName = "watchOS-Practice";
				MARKETING_VERSION = 1.0;
				PRODUCT_BUNDLE_IDENTIFIER = "com.seoyeonchoi.watchOS-Practice";
				PRODUCT_NAME = "$(TARGET_NAME)";
				SDKROOT = iphoneos;
				SWIFT_VERSION = 5.0;
			};
			name = Debug;
		};
		B90D88912B9B4FFF00E975DE /* Release */ = {
			isa = XCBuildConfiguration;
			buildSettings = {
				ALWAYS_EMBED_SWIFT_STANDARD_LIBRARIES = YES;
				CODE_SIGN_STYLE = Automatic;
				CURRENT_PROJECT_VERSION = 1;
				DEVELOPMENT_TEAM = 9SVDHQS4M3;
				INFOPLIST_KEY_CFBundleDisplayName = "watchOS-Practice";
				MARKETING_VERSION = 1.0;
				PRODUCT_BUNDLE_IDENTIFIER = "com.seoyeonchoi.watchOS-Practice";
				PRODUCT_NAME = "$(TARGET_NAME)";
				SDKROOT = iphoneos;
				SWIFT_VERSION = 5.0;
				VALIDATE_PRODUCT = YES;
			};
			name = Release;
		};
/* End XCBuildConfiguration section */

/* Begin XCConfigurationList section */
		B90D88722B9B4FFE00E975DE /* Build configuration list for PBXProject "watchOS-Practice" */ = {
			isa = XCConfigurationList;
			buildConfigurations = (
				B90D88892B9B4FFF00E975DE /* Debug */,
				B90D888A2B9B4FFF00E975DE /* Release */,
			);
			defaultConfigurationIsVisible = 0;
			defaultConfigurationName = Release;
		};
		B90D888B2B9B4FFF00E975DE /* Build configuration list for PBXNativeTarget "watchOS-Practice Watch App" */ = {
			isa = XCConfigurationList;
			buildConfigurations = (
				B90D888C2B9B4FFF00E975DE /* Debug */,
				B90D888D2B9B4FFF00E975DE /* Release */,
			);
			defaultConfigurationIsVisible = 0;
			defaultConfigurationName = Release;
		};
		B90D888F2B9B4FFF00E975DE /* Build configuration list for PBXNativeTarget "watchOS-Practice" */ = {
			isa = XCConfigurationList;
			buildConfigurations = (
				B90D88902B9B4FFF00E975DE /* Debug */,
				B90D88912B9B4FFF00E975DE /* Release */,
			);
			defaultConfigurationIsVisible = 0;
			defaultConfigurationName = Release;
		};
/* End XCConfigurationList section */
	};
	rootObject = B90D886F2B9B4FFE00E975DE /* Project object */;
}
